// !$*UTF8*$!
{
	archiveVersion = 1;
	classes = {
	};
	objectVersion = 46;
	objects = {

/* Begin PBXBuildFile section */
		CD987D031C271250007D22E7 /* LYMusicMessageModel.m in Sources */ = {isa = PBXBuildFile; fileRef = CD987D021C271250007D22E7 /* LYMusicMessageModel.m */; };
		CD987D061C271977007D22E7 /* LYTimeTool.m in Sources */ = {isa = PBXBuildFile; fileRef = CD987D051C271977007D22E7 /* LYTimeTool.m */; };
		CD9B444A1C26AB75004AB2AE /* LYMusicModel.m in Sources */ = {isa = PBXBuildFile; fileRef = CD9B44491C26AB75004AB2AE /* LYMusicModel.m */; };
		CD9B444D1C26AC3B004AB2AE /* LYMusicDataTool.m in Sources */ = {isa = PBXBuildFile; fileRef = CD9B444C1C26AC3B004AB2AE /* LYMusicDataTool.m */; };
		CD9B44661C26ACEC004AB2AE /* MJDictionaryCache.m in Sources */ = {isa = PBXBuildFile; fileRef = CD9B44501C26ACEC004AB2AE /* MJDictionaryCache.m */; };
		CD9B44671C26ACEC004AB2AE /* MJExtensionConst.m in Sources */ = {isa = PBXBuildFile; fileRef = CD9B44531C26ACEC004AB2AE /* MJExtensionConst.m */; };
		CD9B44681C26ACEC004AB2AE /* MJFoundation.m in Sources */ = {isa = PBXBuildFile; fileRef = CD9B44551C26ACEC004AB2AE /* MJFoundation.m */; };
		CD9B44691C26ACEC004AB2AE /* MJProperty.m in Sources */ = {isa = PBXBuildFile; fileRef = CD9B44571C26ACEC004AB2AE /* MJProperty.m */; };
		CD9B446A1C26ACEC004AB2AE /* MJPropertyKey.m in Sources */ = {isa = PBXBuildFile; fileRef = CD9B44591C26ACEC004AB2AE /* MJPropertyKey.m */; };
		CD9B446B1C26ACEC004AB2AE /* MJPropertyType.m in Sources */ = {isa = PBXBuildFile; fileRef = CD9B445B1C26ACEC004AB2AE /* MJPropertyType.m */; };
		CD9B446C1C26ACEC004AB2AE /* NSObject+MJClass.m in Sources */ = {isa = PBXBuildFile; fileRef = CD9B445D1C26ACEC004AB2AE /* NSObject+MJClass.m */; };
		CD9B446D1C26ACEC004AB2AE /* NSObject+MJCoding.m in Sources */ = {isa = PBXBuildFile; fileRef = CD9B445F1C26ACEC004AB2AE /* NSObject+MJCoding.m */; };
		CD9B446E1C26ACEC004AB2AE /* NSObject+MJKeyValue.m in Sources */ = {isa = PBXBuildFile; fileRef = CD9B44611C26ACEC004AB2AE /* NSObject+MJKeyValue.m */; };
		CD9B446F1C26ACEC004AB2AE /* NSObject+MJProperty.m in Sources */ = {isa = PBXBuildFile; fileRef = CD9B44631C26ACEC004AB2AE /* NSObject+MJProperty.m */; };
		CD9B44701C26ACEC004AB2AE /* NSString+MJExtension.m in Sources */ = {isa = PBXBuildFile; fileRef = CD9B44651C26ACEC004AB2AE /* NSString+MJExtension.m */; };
		CD9C7DA91C2EDC78009C5E0A /* CALayer+PauseAimate.m in Sources */ = {isa = PBXBuildFile; fileRef = CD9C7DA81C2EDC78009C5E0A /* CALayer+PauseAimate.m */; };
		CD9C7DAF1C2EF010009C5E0A /* LYLrcModel.m in Sources */ = {isa = PBXBuildFile; fileRef = CD9C7DAE1C2EF010009C5E0A /* LYLrcModel.m */; };
		CD9C7DB21C2EF03C009C5E0A /* LYLrcDataTool.m in Sources */ = {isa = PBXBuildFile; fileRef = CD9C7DB11C2EF03C009C5E0A /* LYLrcDataTool.m */; };
		CD9C7DB51C2EFDC4009C5E0A /* LYLrcLabel.m in Sources */ = {isa = PBXBuildFile; fileRef = CD9C7DB41C2EFDC4009C5E0A /* LYLrcLabel.m */; };
		CD9C7DB91C2F0141009C5E0A /* LYLrcCell.m in Sources */ = {isa = PBXBuildFile; fileRef = CD9C7DB71C2F0141009C5E0A /* LYLrcCell.m */; };
		CD9C7DBA1C2F0141009C5E0A /* LYLrcCell.xib in Resources */ = {isa = PBXBuildFile; fileRef = CD9C7DB81C2F0141009C5E0A /* LYLrcCell.xib */; };
		CDA052D71C26DBDF0041499B /* LYMusicListCell.m in Sources */ = {isa = PBXBuildFile; fileRef = CDA052D51C26DBDF0041499B /* LYMusicListCell.m */; };
		CDA052D81C26DBDF0041499B /* LYMusicListCell.xib in Resources */ = {isa = PBXBuildFile; fileRef = CDA052D61C26DBDF0041499B /* LYMusicListCell.xib */; };
		CDA052DB1C26E2ED0041499B /* UIView+Extension.m in Sources */ = {isa = PBXBuildFile; fileRef = CDA052DA1C26E2ED0041499B /* UIView+Extension.m */; };
		CDA052DF1C26EB650041499B /* LYAudioTool.m in Sources */ = {isa = PBXBuildFile; fileRef = CDA052DE1C26EB650041499B /* LYAudioTool.m */; };
		CDA052E21C26EE0A0041499B /* LYMusicOperationTool.m in Sources */ = {isa = PBXBuildFile; fileRef = CDA052E11C26EE0A0041499B /* LYMusicOperationTool.m */; };
		CDADCA891C2522A200F4AFC2 /* Main.storyboard in Resources */ = {isa = PBXBuildFile; fileRef = CDADCA871C2522A200F4AFC2 /* Main.storyboard */; };
		CDADCA8B1C2522A200F4AFC2 /* Assets.xcassets in Resources */ = {isa = PBXBuildFile; fileRef = CDADCA8A1C2522A200F4AFC2 /* Assets.xcassets */; };
		CDADCA8E1C2522A200F4AFC2 /* LaunchScreen.storyboard in Resources */ = {isa = PBXBuildFile; fileRef = CDADCA8C1C2522A200F4AFC2 /* LaunchScreen.storyboard */; };
		CDADCA991C2522A300F4AFC2 /* MusicPlayerTests.m in Sources */ = {isa = PBXBuildFile; fileRef = CDADCA981C2522A300F4AFC2 /* MusicPlayerTests.m */; };
		CDADCAA41C2522A300F4AFC2 /* MusicPlayerUITests.m in Sources */ = {isa = PBXBuildFile; fileRef = CDADCAA31C2522A300F4AFC2 /* MusicPlayerUITests.m */; };
		CDADCAC41C25237800F4AFC2 /* AppDelegate.m in Sources */ = {isa = PBXBuildFile; fileRef = CDADCAC01C25237800F4AFC2 /* AppDelegate.m */; };
		CDADCAC61C25237800F4AFC2 /* main.m in Sources */ = {isa = PBXBuildFile; fileRef = CDADCAC21C25237800F4AFC2 /* main.m */; };
		CDADCACC1C2524BF00F4AFC2 /* LYDetailViewController.m in Sources */ = {isa = PBXBuildFile; fileRef = CDADCACB1C2524BF00F4AFC2 /* LYDetailViewController.m */; };
		CDADCACF1C2524E000F4AFC2 /* LYListTableViewController.m in Sources */ = {isa = PBXBuildFile; fileRef = CDADCACE1C2524E000F4AFC2 /* LYListTableViewController.m */; };
		CDADCAFD1C25262B00F4AFC2 /* bb@2x.jpg in Resources */ = {isa = PBXBuildFile; fileRef = CDADCAD21C25262B00F4AFC2 /* bb@2x.jpg */; };
		CDADCAFE1C25262B00F4AFC2 /* bb_icon@2x.jpg in Resources */ = {isa = PBXBuildFile; fileRef = CDADCAD31C25262B00F4AFC2 /* bb_icon@2x.jpg */; };
		CDADCAFF1C25262B00F4AFC2 /* dzq@2x.jpg in Resources */ = {isa = PBXBuildFile; fileRef = CDADCAD41C25262B00F4AFC2 /* dzq@2x.jpg */; };
		CDADCB001C25262B00F4AFC2 /* dzq_icon@2x.jpg in Resources */ = {isa = PBXBuildFile; fileRef = CDADCAD51C25262B00F4AFC2 /* dzq_icon@2x.jpg */; };
		CDADCB011C25262B00F4AFC2 /* eason@2x.jpg in Resources */ = {isa = PBXBuildFile; fileRef = CDADCAD61C25262B00F4AFC2 /* eason@2x.jpg */; };
		CDADCB021C25262B00F4AFC2 /* eason_icon@2x.jpg in Resources */ = {isa = PBXBuildFile; fileRef = CDADCAD71C25262B00F4AFC2 /* eason_icon@2x.jpg */; };
		CDADCB031C25262B00F4AFC2 /* jay@2x.jpg in Resources */ = {isa = PBXBuildFile; fileRef = CDADCAD81C25262B00F4AFC2 /* jay@2x.jpg */; };
		CDADCB041C25262B00F4AFC2 /* jay_icon@2x.png in Resources */ = {isa = PBXBuildFile; fileRef = CDADCAD91C25262B00F4AFC2 /* jay_icon@2x.png */; };
		CDADCB051C25262B00F4AFC2 /* jj@2x.jpg in Resources */ = {isa = PBXBuildFile; fileRef = CDADCADA1C25262B00F4AFC2 /* jj@2x.jpg */; };
		CDADCB061C25262B00F4AFC2 /* jj_icon@2x.png in Resources */ = {isa = PBXBuildFile; fileRef = CDADCADB1C25262B00F4AFC2 /* jj_icon@2x.png */; };
		CDADCB071C25262B00F4AFC2 /* kzxd@2x.jpg in Resources */ = {isa = PBXBuildFile; fileRef = CDADCADC1C25262B00F4AFC2 /* kzxd@2x.jpg */; };
		CDADCB081C25262B00F4AFC2 /* kzxd_icon@2x.jpg in Resources */ = {isa = PBXBuildFile; fileRef = CDADCADD1C25262B00F4AFC2 /* kzxd_icon@2x.jpg */; };
		CDADCB091C25262B00F4AFC2 /* lkq@2x.jpg in Resources */ = {isa = PBXBuildFile; fileRef = CDADCADE1C25262B00F4AFC2 /* lkq@2x.jpg */; };
		CDADCB0A1C25262B00F4AFC2 /* lkq_icon@2x.jpg in Resources */ = {isa = PBXBuildFile; fileRef = CDADCADF1C25262B00F4AFC2 /* lkq_icon@2x.jpg */; };
		CDADCB0B1C25262B00F4AFC2 /* nanquan@2x.jpg in Resources */ = {isa = PBXBuildFile; fileRef = CDADCAE01C25262B00F4AFC2 /* nanquan@2x.jpg */; };
		CDADCB0C1C25262B00F4AFC2 /* nanquan_icon@2x.jpg in Resources */ = {isa = PBXBuildFile; fileRef = CDADCAE11C25262B00F4AFC2 /* nanquan_icon@2x.jpg */; };
		CDADCB0D1C25262B00F4AFC2 /* wf@2x.jpg in Resources */ = {isa = PBXBuildFile; fileRef = CDADCAE21C25262B00F4AFC2 /* wf@2x.jpg */; };
		CDADCB0E1C25262B00F4AFC2 /* wf_icon@2x.jpg in Resources */ = {isa = PBXBuildFile; fileRef = CDADCAE31C25262B00F4AFC2 /* wf_icon@2x.jpg */; };
		CDADCB0F1C25262B00F4AFC2 /* zxy@2x.jpg in Resources */ = {isa = PBXBuildFile; fileRef = CDADCAE41C25262B00F4AFC2 /* zxy@2x.jpg */; };
		CDADCB101C25262B00F4AFC2 /* zxy_icon@2x.jpg in Resources */ = {isa = PBXBuildFile; fileRef = CDADCAE51C25262B00F4AFC2 /* zxy_icon@2x.jpg */; };
		CDADCB111C25262B00F4AFC2 /* 10405520.lrc in Resources */ = {isa = PBXBuildFile; fileRef = CDADCAE71C25262B00F4AFC2 /* 10405520.lrc */; };
		CDADCB121C25262B00F4AFC2 /* 10736444.lrc in Resources */ = {isa = PBXBuildFile; fileRef = CDADCAE81C25262B00F4AFC2 /* 10736444.lrc */; };
		CDADCB131C25262B00F4AFC2 /* 120125029.lrc in Resources */ = {isa = PBXBuildFile; fileRef = CDADCAE91C25262B00F4AFC2 /* 120125029.lrc */; };
		CDADCB141C25262B00F4AFC2 /* 12309111.lrc in Resources */ = {isa = PBXBuildFile; fileRef = CDADCAEA1C25262B00F4AFC2 /* 12309111.lrc */; };
		CDADCB151C25262B00F4AFC2 /* 14945107.lrc in Resources */ = {isa = PBXBuildFile; fileRef = CDADCAEB1C25262B00F4AFC2 /* 14945107.lrc */; };
		CDADCB161C25262B00F4AFC2 /* 235319.lrc in Resources */ = {isa = PBXBuildFile; fileRef = CDADCAEC1C25262B00F4AFC2 /* 235319.lrc */; };
		CDADCB171C25262B00F4AFC2 /* 255319.lrc in Resources */ = {isa = PBXBuildFile; fileRef = CDADCAED1C25262B00F4AFC2 /* 255319.lrc */; };
		CDADCB181C25262B00F4AFC2 /* 309769.lrc in Resources */ = {isa = PBXBuildFile; fileRef = CDADCAEE1C25262B00F4AFC2 /* 309769.lrc */; };
		CDADCB191C25262B00F4AFC2 /* 339744.lrc in Resources */ = {isa = PBXBuildFile; fileRef = CDADCAEF1C25262B00F4AFC2 /* 339744.lrc */; };
		CDADCB1A1C25262B00F4AFC2 /* 月半小夜曲.lrc in Resources */ = {isa = PBXBuildFile; fileRef = CDADCAF01C25262B00F4AFC2 /* 月半小夜曲.lrc */; };
		CDADCB1B1C25262B00F4AFC2 /* 10405520.mp3 in Resources */ = {isa = PBXBuildFile; fileRef = CDADCAF21C25262B00F4AFC2 /* 10405520.mp3 */; };
		CDADCB1C1C25262B00F4AFC2 /* 10736444.mp3 in Resources */ = {isa = PBXBuildFile; fileRef = CDADCAF31C25262B00F4AFC2 /* 10736444.mp3 */; };
		CDADCB1D1C25262B00F4AFC2 /* 1201111234.mp3 in Resources */ = {isa = PBXBuildFile; fileRef = CDADCAF41C25262B00F4AFC2 /* 1201111234.mp3 */; };
		CDADCB1E1C25262B00F4AFC2 /* 120125029.mp3 in Resources */ = {isa = PBXBuildFile; fileRef = CDADCAF51C25262B00F4AFC2 /* 120125029.mp3 */; };
		CDADCB1F1C25262B00F4AFC2 /* 12309111.mp3 in Resources */ = {isa = PBXBuildFile; fileRef = CDADCAF61C25262B00F4AFC2 /* 12309111.mp3 */; };
		CDADCB201C25262B00F4AFC2 /* 14945107.mp3 in Resources */ = {isa = PBXBuildFile; fileRef = CDADCAF71C25262B00F4AFC2 /* 14945107.mp3 */; };
		CDADCB211C25262B00F4AFC2 /* 235319.mp3 in Resources */ = {isa = PBXBuildFile; fileRef = CDADCAF81C25262B00F4AFC2 /* 235319.mp3 */; };
		CDADCB221C25262B00F4AFC2 /* 255319.mp3 in Resources */ = {isa = PBXBuildFile; fileRef = CDADCAF91C25262B00F4AFC2 /* 255319.mp3 */; };
		CDADCB231C25262B00F4AFC2 /* 309769.mp3 in Resources */ = {isa = PBXBuildFile; fileRef = CDADCAFA1C25262B00F4AFC2 /* 309769.mp3 */; };
		CDADCB241C25262B00F4AFC2 /* 339744.mp3 in Resources */ = {isa = PBXBuildFile; fileRef = CDADCAFB1C25262B00F4AFC2 /* 339744.mp3 */; };
		CDADCB251C25262B00F4AFC2 /* Musics.plist in Resources */ = {isa = PBXBuildFile; fileRef = CDADCAFC1C25262B00F4AFC2 /* Musics.plist */; };
		CDE028C71C2FBD2F00CDF85A /* LYImageTool.m in Sources */ = {isa = PBXBuildFile; fileRef = CDE028C61C2FBD2F00CDF85A /* LYImageTool.m */; };
		CDE2D03A1C2F89FF00C5365D /* LYLrcViewController.m in Sources */ = {isa = PBXBuildFile; fileRef = CD9C7DAB1C2EECA2009C5E0A /* LYLrcViewController.m */; };
/* End PBXBuildFile section */

/* Begin PBXContainerItemProxy section */
		CDADCA951C2522A300F4AFC2 /* PBXContainerItemProxy */ = {
			isa = PBXContainerItemProxy;
			containerPortal = CDADCA731C2522A200F4AFC2 /* Project object */;
			proxyType = 1;
			remoteGlobalIDString = CDADCA7A1C2522A200F4AFC2;
			remoteInfo = MusicPlayer;
		};
		CDADCAA01C2522A300F4AFC2 /* PBXContainerItemProxy */ = {
			isa = PBXContainerItemProxy;
			containerPortal = CDADCA731C2522A200F4AFC2 /* Project object */;
			proxyType = 1;
			remoteGlobalIDString = CDADCA7A1C2522A200F4AFC2;
			remoteInfo = MusicPlayer;
		};
/* End PBXContainerItemProxy section */

/* Begin PBXFileReference section */
		CD987D011C271250007D22E7 /* LYMusicMessageModel.h */ = {isa = PBXFileReference; fileEncoding = 4; lastKnownFileType = sourcecode.c.h; path = LYMusicMessageModel.h; sourceTree = "<group>"; };
		CD987D021C271250007D22E7 /* LYMusicMessageModel.m */ = {isa = PBXFileReference; fileEncoding = 4; lastKnownFileType = sourcecode.c.objc; path = LYMusicMessageModel.m; sourceTree = "<group>"; };
		CD987D041C271977007D22E7 /* LYTimeTool.h */ = {isa = PBXFileReference; fileEncoding = 4; lastKnownFileType = sourcecode.c.h; path = LYTimeTool.h; sourceTree = "<group>"; };
		CD987D051C271977007D22E7 /* LYTimeTool.m */ = {isa = PBXFileReference; fileEncoding = 4; lastKnownFileType = sourcecode.c.objc; path = LYTimeTool.m; sourceTree = "<group>"; };
		CD9B44481C26AB75004AB2AE /* LYMusicModel.h */ = {isa = PBXFileReference; fileEncoding = 4; lastKnownFileType = sourcecode.c.h; path = LYMusicModel.h; sourceTree = "<group>"; };
		CD9B44491C26AB75004AB2AE /* LYMusicModel.m */ = {isa = PBXFileReference; fileEncoding = 4; lastKnownFileType = sourcecode.c.objc; path = LYMusicModel.m; sourceTree = "<group>"; };
		CD9B444B1C26AC3B004AB2AE /* LYMusicDataTool.h */ = {isa = PBXFileReference; fileEncoding = 4; lastKnownFileType = sourcecode.c.h; path = LYMusicDataTool.h; sourceTree = "<group>"; };
		CD9B444C1C26AC3B004AB2AE /* LYMusicDataTool.m */ = {isa = PBXFileReference; fileEncoding = 4; lastKnownFileType = sourcecode.c.objc; path = LYMusicDataTool.m; sourceTree = "<group>"; };
		CD9B444F1C26ACEC004AB2AE /* MJDictionaryCache.h */ = {isa = PBXFileReference; fileEncoding = 4; lastKnownFileType = sourcecode.c.h; path = MJDictionaryCache.h; sourceTree = "<group>"; };
		CD9B44501C26ACEC004AB2AE /* MJDictionaryCache.m */ = {isa = PBXFileReference; fileEncoding = 4; lastKnownFileType = sourcecode.c.objc; path = MJDictionaryCache.m; sourceTree = "<group>"; };
		CD9B44511C26ACEC004AB2AE /* MJExtension.h */ = {isa = PBXFileReference; fileEncoding = 4; lastKnownFileType = sourcecode.c.h; path = MJExtension.h; sourceTree = "<group>"; };
		CD9B44521C26ACEC004AB2AE /* MJExtensionConst.h */ = {isa = PBXFileReference; fileEncoding = 4; lastKnownFileType = sourcecode.c.h; path = MJExtensionConst.h; sourceTree = "<group>"; };
		CD9B44531C26ACEC004AB2AE /* MJExtensionConst.m */ = {isa = PBXFileReference; fileEncoding = 4; lastKnownFileType = sourcecode.c.objc; path = MJExtensionConst.m; sourceTree = "<group>"; };
		CD9B44541C26ACEC004AB2AE /* MJFoundation.h */ = {isa = PBXFileReference; fileEncoding = 4; lastKnownFileType = sourcecode.c.h; path = MJFoundation.h; sourceTree = "<group>"; };
		CD9B44551C26ACEC004AB2AE /* MJFoundation.m */ = {isa = PBXFileReference; fileEncoding = 4; lastKnownFileType = sourcecode.c.objc; path = MJFoundation.m; sourceTree = "<group>"; };
		CD9B44561C26ACEC004AB2AE /* MJProperty.h */ = {isa = PBXFileReference; fileEncoding = 4; lastKnownFileType = sourcecode.c.h; path = MJProperty.h; sourceTree = "<group>"; };
		CD9B44571C26ACEC004AB2AE /* MJProperty.m */ = {isa = PBXFileReference; fileEncoding = 4; lastKnownFileType = sourcecode.c.objc; path = MJProperty.m; sourceTree = "<group>"; };
		CD9B44581C26ACEC004AB2AE /* MJPropertyKey.h */ = {isa = PBXFileReference; fileEncoding = 4; lastKnownFileType = sourcecode.c.h; path = MJPropertyKey.h; sourceTree = "<group>"; };
		CD9B44591C26ACEC004AB2AE /* MJPropertyKey.m */ = {isa = PBXFileReference; fileEncoding = 4; lastKnownFileType = sourcecode.c.objc; path = MJPropertyKey.m; sourceTree = "<group>"; };
		CD9B445A1C26ACEC004AB2AE /* MJPropertyType.h */ = {isa = PBXFileReference; fileEncoding = 4; lastKnownFileType = sourcecode.c.h; path = MJPropertyType.h; sourceTree = "<group>"; };
		CD9B445B1C26ACEC004AB2AE /* MJPropertyType.m */ = {isa = PBXFileReference; fileEncoding = 4; lastKnownFileType = sourcecode.c.objc; path = MJPropertyType.m; sourceTree = "<group>"; };
		CD9B445C1C26ACEC004AB2AE /* NSObject+MJClass.h */ = {isa = PBXFileReference; fileEncoding = 4; lastKnownFileType = sourcecode.c.h; path = "NSObject+MJClass.h"; sourceTree = "<group>"; };
		CD9B445D1C26ACEC004AB2AE /* NSObject+MJClass.m */ = {isa = PBXFileReference; fileEncoding = 4; lastKnownFileType = sourcecode.c.objc; path = "NSObject+MJClass.m"; sourceTree = "<group>"; };
		CD9B445E1C26ACEC004AB2AE /* NSObject+MJCoding.h */ = {isa = PBXFileReference; fileEncoding = 4; lastKnownFileType = sourcecode.c.h; path = "NSObject+MJCoding.h"; sourceTree = "<group>"; };
		CD9B445F1C26ACEC004AB2AE /* NSObject+MJCoding.m */ = {isa = PBXFileReference; fileEncoding = 4; lastKnownFileType = sourcecode.c.objc; path = "NSObject+MJCoding.m"; sourceTree = "<group>"; };
		CD9B44601C26ACEC004AB2AE /* NSObject+MJKeyValue.h */ = {isa = PBXFileReference; fileEncoding = 4; lastKnownFileType = sourcecode.c.h; path = "NSObject+MJKeyValue.h"; sourceTree = "<group>"; };
		CD9B44611C26ACEC004AB2AE /* NSObject+MJKeyValue.m */ = {isa = PBXFileReference; fileEncoding = 4; lastKnownFileType = sourcecode.c.objc; path = "NSObject+MJKeyValue.m"; sourceTree = "<group>"; };
		CD9B44621C26ACEC004AB2AE /* NSObject+MJProperty.h */ = {isa = PBXFileReference; fileEncoding = 4; lastKnownFileType = sourcecode.c.h; path = "NSObject+MJProperty.h"; sourceTree = "<group>"; };
		CD9B44631C26ACEC004AB2AE /* NSObject+MJProperty.m */ = {isa = PBXFileReference; fileEncoding = 4; lastKnownFileType = sourcecode.c.objc; path = "NSObject+MJProperty.m"; sourceTree = "<group>"; };
		CD9B44641C26ACEC004AB2AE /* NSString+MJExtension.h */ = {isa = PBXFileReference; fileEncoding = 4; lastKnownFileType = sourcecode.c.h; path = "NSString+MJExtension.h"; sourceTree = "<group>"; };
		CD9B44651C26ACEC004AB2AE /* NSString+MJExtension.m */ = {isa = PBXFileReference; fileEncoding = 4; lastKnownFileType = sourcecode.c.objc; path = "NSString+MJExtension.m"; sourceTree = "<group>"; };
		CD9C7DA71C2EDC78009C5E0A /* CALayer+PauseAimate.h */ = {isa = PBXFileReference; fileEncoding = 4; lastKnownFileType = sourcecode.c.h; path = "CALayer+PauseAimate.h"; sourceTree = "<group>"; };
		CD9C7DA81C2EDC78009C5E0A /* CALayer+PauseAimate.m */ = {isa = PBXFileReference; fileEncoding = 4; lastKnownFileType = sourcecode.c.objc; path = "CALayer+PauseAimate.m"; sourceTree = "<group>"; };
		CD9C7DAA1C2EECA2009C5E0A /* LYLrcViewController.h */ = {isa = PBXFileReference; fileEncoding = 4; lastKnownFileType = sourcecode.c.h; path = LYLrcViewController.h; sourceTree = "<group>"; };
		CD9C7DAB1C2EECA2009C5E0A /* LYLrcViewController.m */ = {isa = PBXFileReference; fileEncoding = 4; lastKnownFileType = sourcecode.c.objc; path = LYLrcViewController.m; sourceTree = "<group>"; };
		CD9C7DAD1C2EF010009C5E0A /* LYLrcModel.h */ = {isa = PBXFileReference; fileEncoding = 4; lastKnownFileType = sourcecode.c.h; path = LYLrcModel.h; sourceTree = "<group>"; };
		CD9C7DAE1C2EF010009C5E0A /* LYLrcModel.m */ = {isa = PBXFileReference; fileEncoding = 4; lastKnownFileType = sourcecode.c.objc; path = LYLrcModel.m; sourceTree = "<group>"; };
		CD9C7DB01C2EF03C009C5E0A /* LYLrcDataTool.h */ = {isa = PBXFileReference; fileEncoding = 4; lastKnownFileType = sourcecode.c.h; path = LYLrcDataTool.h; sourceTree = "<group>"; };
		CD9C7DB11C2EF03C009C5E0A /* LYLrcDataTool.m */ = {isa = PBXFileReference; fileEncoding = 4; lastKnownFileType = sourcecode.c.objc; path = LYLrcDataTool.m; sourceTree = "<group>"; };
		CD9C7DB31C2EFDC4009C5E0A /* LYLrcLabel.h */ = {isa = PBXFileReference; fileEncoding = 4; lastKnownFileType = sourcecode.c.h; path = LYLrcLabel.h; sourceTree = "<group>"; };
		CD9C7DB41C2EFDC4009C5E0A /* LYLrcLabel.m */ = {isa = PBXFileReference; fileEncoding = 4; lastKnownFileType = sourcecode.c.objc; path = LYLrcLabel.m; sourceTree = "<group>"; };
		CD9C7DB61C2F0141009C5E0A /* LYLrcCell.h */ = {isa = PBXFileReference; fileEncoding = 4; lastKnownFileType = sourcecode.c.h; path = LYLrcCell.h; sourceTree = "<group>"; };
		CD9C7DB71C2F0141009C5E0A /* LYLrcCell.m */ = {isa = PBXFileReference; fileEncoding = 4; lastKnownFileType = sourcecode.c.objc; path = LYLrcCell.m; sourceTree = "<group>"; };
		CD9C7DB81C2F0141009C5E0A /* LYLrcCell.xib */ = {isa = PBXFileReference; fileEncoding = 4; lastKnownFileType = file.xib; path = LYLrcCell.xib; sourceTree = "<group>"; };
		CDA052D41C26DBDF0041499B /* LYMusicListCell.h */ = {isa = PBXFileReference; fileEncoding = 4; lastKnownFileType = sourcecode.c.h; path = LYMusicListCell.h; sourceTree = "<group>"; };
		CDA052D51C26DBDF0041499B /* LYMusicListCell.m */ = {isa = PBXFileReference; fileEncoding = 4; lastKnownFileType = sourcecode.c.objc; path = LYMusicListCell.m; sourceTree = "<group>"; };
		CDA052D61C26DBDF0041499B /* LYMusicListCell.xib */ = {isa = PBXFileReference; fileEncoding = 4; lastKnownFileType = file.xib; path = LYMusicListCell.xib; sourceTree = "<group>"; };
		CDA052D91C26E2ED0041499B /* UIView+Extension.h */ = {isa = PBXFileReference; fileEncoding = 4; lastKnownFileType = sourcecode.c.h; path = "UIView+Extension.h"; sourceTree = "<group>"; };
		CDA052DA1C26E2ED0041499B /* UIView+Extension.m */ = {isa = PBXFileReference; fileEncoding = 4; lastKnownFileType = sourcecode.c.objc; path = "UIView+Extension.m"; sourceTree = "<group>"; };
		CDA052DC1C26E44E0041499B /* MusicPlayer.pch */ = {isa = PBXFileReference; lastKnownFileType = sourcecode.c.h; path = MusicPlayer.pch; sourceTree = "<group>"; };
		CDA052DD1C26EB650041499B /* LYAudioTool.h */ = {isa = PBXFileReference; fileEncoding = 4; lastKnownFileType = sourcecode.c.h; path = LYAudioTool.h; sourceTree = "<group>"; };
		CDA052DE1C26EB650041499B /* LYAudioTool.m */ = {isa = PBXFileReference; fileEncoding = 4; lastKnownFileType = sourcecode.c.objc; path = LYAudioTool.m; sourceTree = "<group>"; };
		CDA052E01C26EE0A0041499B /* LYMusicOperationTool.h */ = {isa = PBXFileReference; fileEncoding = 4; lastKnownFileType = sourcecode.c.h; path = LYMusicOperationTool.h; sourceTree = "<group>"; };
		CDA052E11C26EE0A0041499B /* LYMusicOperationTool.m */ = {isa = PBXFileReference; fileEncoding = 4; lastKnownFileType = sourcecode.c.objc; path = LYMusicOperationTool.m; sourceTree = "<group>"; };
		CDA052E31C26EE5A0041499B /* Singleton.h */ = {isa = PBXFileReference; lastKnownFileType = sourcecode.c.h; path = Singleton.h; sourceTree = "<group>"; };
		CDADCA7B1C2522A200F4AFC2 /* MusicPlayer.app */ = {isa = PBXFileReference; explicitFileType = wrapper.application; includeInIndex = 0; path = MusicPlayer.app; sourceTree = BUILT_PRODUCTS_DIR; };
		CDADCA881C2522A200F4AFC2 /* Base */ = {isa = PBXFileReference; lastKnownFileType = file.storyboard; name = Base; path = Base.lproj/Main.storyboard; sourceTree = "<group>"; };
		CDADCA8A1C2522A200F4AFC2 /* Assets.xcassets */ = {isa = PBXFileReference; lastKnownFileType = folder.assetcatalog; path = Assets.xcassets; sourceTree = "<group>"; };
		CDADCA8D1C2522A200F4AFC2 /* Base */ = {isa = PBXFileReference; lastKnownFileType = file.storyboard; name = Base; path = Base.lproj/LaunchScreen.storyboard; sourceTree = "<group>"; };
		CDADCA941C2522A300F4AFC2 /* MusicPlayerTests.xctest */ = {isa = PBXFileReference; explicitFileType = wrapper.cfbundle; includeInIndex = 0; path = MusicPlayerTests.xctest; sourceTree = BUILT_PRODUCTS_DIR; };
		CDADCA981C2522A300F4AFC2 /* MusicPlayerTests.m */ = {isa = PBXFileReference; lastKnownFileType = sourcecode.c.objc; path = MusicPlayerTests.m; sourceTree = "<group>"; };
		CDADCA9A1C2522A300F4AFC2 /* Info.plist */ = {isa = PBXFileReference; lastKnownFileType = text.plist.xml; path = Info.plist; sourceTree = "<group>"; };
		CDADCA9F1C2522A300F4AFC2 /* MusicPlayerUITests.xctest */ = {isa = PBXFileReference; explicitFileType = wrapper.cfbundle; includeInIndex = 0; path = MusicPlayerUITests.xctest; sourceTree = BUILT_PRODUCTS_DIR; };
		CDADCAA31C2522A300F4AFC2 /* MusicPlayerUITests.m */ = {isa = PBXFileReference; lastKnownFileType = sourcecode.c.objc; path = MusicPlayerUITests.m; sourceTree = "<group>"; };
		CDADCAA51C2522A300F4AFC2 /* Info.plist */ = {isa = PBXFileReference; lastKnownFileType = text.plist.xml; path = Info.plist; sourceTree = "<group>"; };
		CDADCABF1C25237800F4AFC2 /* AppDelegate.h */ = {isa = PBXFileReference; fileEncoding = 4; lastKnownFileType = sourcecode.c.h; path = AppDelegate.h; sourceTree = "<group>"; };
		CDADCAC01C25237800F4AFC2 /* AppDelegate.m */ = {isa = PBXFileReference; fileEncoding = 4; lastKnownFileType = sourcecode.c.objc; path = AppDelegate.m; sourceTree = "<group>"; };
		CDADCAC11C25237800F4AFC2 /* Info.plist */ = {isa = PBXFileReference; fileEncoding = 4; lastKnownFileType = text.plist.xml; path = Info.plist; sourceTree = "<group>"; };
		CDADCAC21C25237800F4AFC2 /* main.m */ = {isa = PBXFileReference; fileEncoding = 4; lastKnownFileType = sourcecode.c.objc; path = main.m; sourceTree = "<group>"; };
		CDADCACA1C2524BF00F4AFC2 /* LYDetailViewController.h */ = {isa = PBXFileReference; fileEncoding = 4; lastKnownFileType = sourcecode.c.h; path = LYDetailViewController.h; sourceTree = "<group>"; };
		CDADCACB1C2524BF00F4AFC2 /* LYDetailViewController.m */ = {isa = PBXFileReference; fileEncoding = 4; lastKnownFileType = sourcecode.c.objc; path = LYDetailViewController.m; sourceTree = "<group>"; };
		CDADCACD1C2524E000F4AFC2 /* LYListTableViewController.h */ = {isa = PBXFileReference; fileEncoding = 4; lastKnownFileType = sourcecode.c.h; path = LYListTableViewController.h; sourceTree = "<group>"; };
		CDADCACE1C2524E000F4AFC2 /* LYListTableViewController.m */ = {isa = PBXFileReference; fileEncoding = 4; lastKnownFileType = sourcecode.c.objc; path = LYListTableViewController.m; sourceTree = "<group>"; };
		CDADCAD21C25262B00F4AFC2 /* bb@2x.jpg */ = {isa = PBXFileReference; lastKnownFileType = image.jpeg; path = "bb@2x.jpg"; sourceTree = "<group>"; };
		CDADCAD31C25262B00F4AFC2 /* bb_icon@2x.jpg */ = {isa = PBXFileReference; lastKnownFileType = image.jpeg; path = "bb_icon@2x.jpg"; sourceTree = "<group>"; };
		CDADCAD41C25262B00F4AFC2 /* dzq@2x.jpg */ = {isa = PBXFileReference; lastKnownFileType = image.jpeg; path = "dzq@2x.jpg"; sourceTree = "<group>"; };
		CDADCAD51C25262B00F4AFC2 /* dzq_icon@2x.jpg */ = {isa = PBXFileReference; lastKnownFileType = image.jpeg; path = "dzq_icon@2x.jpg"; sourceTree = "<group>"; };
		CDADCAD61C25262B00F4AFC2 /* eason@2x.jpg */ = {isa = PBXFileReference; lastKnownFileType = image.jpeg; path = "eason@2x.jpg"; sourceTree = "<group>"; };
		CDADCAD71C25262B00F4AFC2 /* eason_icon@2x.jpg */ = {isa = PBXFileReference; lastKnownFileType = image.jpeg; path = "eason_icon@2x.jpg"; sourceTree = "<group>"; };
		CDADCAD81C25262B00F4AFC2 /* jay@2x.jpg */ = {isa = PBXFileReference; lastKnownFileType = image.jpeg; path = "jay@2x.jpg"; sourceTree = "<group>"; };
		CDADCAD91C25262B00F4AFC2 /* jay_icon@2x.png */ = {isa = PBXFileReference; lastKnownFileType = image.png; path = "jay_icon@2x.png"; sourceTree = "<group>"; };
		CDADCADA1C25262B00F4AFC2 /* jj@2x.jpg */ = {isa = PBXFileReference; lastKnownFileType = image.jpeg; path = "jj@2x.jpg"; sourceTree = "<group>"; };
		CDADCADB1C25262B00F4AFC2 /* jj_icon@2x.png */ = {isa = PBXFileReference; lastKnownFileType = image.png; path = "jj_icon@2x.png"; sourceTree = "<group>"; };
		CDADCADC1C25262B00F4AFC2 /* kzxd@2x.jpg */ = {isa = PBXFileReference; lastKnownFileType = image.jpeg; path = "kzxd@2x.jpg"; sourceTree = "<group>"; };
		CDADCADD1C25262B00F4AFC2 /* kzxd_icon@2x.jpg */ = {isa = PBXFileReference; lastKnownFileType = image.jpeg; path = "kzxd_icon@2x.jpg"; sourceTree = "<group>"; };
		CDADCADE1C25262B00F4AFC2 /* lkq@2x.jpg */ = {isa = PBXFileReference; lastKnownFileType = image.jpeg; path = "lkq@2x.jpg"; sourceTree = "<group>"; };
		CDADCADF1C25262B00F4AFC2 /* lkq_icon@2x.jpg */ = {isa = PBXFileReference; lastKnownFileType = image.jpeg; path = "lkq_icon@2x.jpg"; sourceTree = "<group>"; };
		CDADCAE01C25262B00F4AFC2 /* nanquan@2x.jpg */ = {isa = PBXFileReference; lastKnownFileType = image.jpeg; path = "nanquan@2x.jpg"; sourceTree = "<group>"; };
		CDADCAE11C25262B00F4AFC2 /* nanquan_icon@2x.jpg */ = {isa = PBXFileReference; lastKnownFileType = image.jpeg; path = "nanquan_icon@2x.jpg"; sourceTree = "<group>"; };
		CDADCAE21C25262B00F4AFC2 /* wf@2x.jpg */ = {isa = PBXFileReference; lastKnownFileType = image.jpeg; path = "wf@2x.jpg"; sourceTree = "<group>"; };
		CDADCAE31C25262B00F4AFC2 /* wf_icon@2x.jpg */ = {isa = PBXFileReference; lastKnownFileType = image.jpeg; path = "wf_icon@2x.jpg"; sourceTree = "<group>"; };
		CDADCAE41C25262B00F4AFC2 /* zxy@2x.jpg */ = {isa = PBXFileReference; lastKnownFileType = image.jpeg; path = "zxy@2x.jpg"; sourceTree = "<group>"; };
		CDADCAE51C25262B00F4AFC2 /* zxy_icon@2x.jpg */ = {isa = PBXFileReference; lastKnownFileType = image.jpeg; path = "zxy_icon@2x.jpg"; sourceTree = "<group>"; };
		CDADCAE71C25262B00F4AFC2 /* 10405520.lrc */ = {isa = PBXFileReference; fileEncoding = 4; lastKnownFileType = text; path = 10405520.lrc; sourceTree = "<group>"; };
		CDADCAE81C25262B00F4AFC2 /* 10736444.lrc */ = {isa = PBXFileReference; fileEncoding = 4; lastKnownFileType = text; path = 10736444.lrc; sourceTree = "<group>"; };
		CDADCAE91C25262B00F4AFC2 /* 120125029.lrc */ = {isa = PBXFileReference; fileEncoding = 4; lastKnownFileType = text; path = 120125029.lrc; sourceTree = "<group>"; };
		CDADCAEA1C25262B00F4AFC2 /* 12309111.lrc */ = {isa = PBXFileReference; fileEncoding = 4; lastKnownFileType = text; path = 12309111.lrc; sourceTree = "<group>"; };
		CDADCAEB1C25262B00F4AFC2 /* 14945107.lrc */ = {isa = PBXFileReference; fileEncoding = 4; lastKnownFileType = text; path = 14945107.lrc; sourceTree = "<group>"; };
		CDADCAEC1C25262B00F4AFC2 /* 235319.lrc */ = {isa = PBXFileReference; fileEncoding = 4; lastKnownFileType = text; path = 235319.lrc; sourceTree = "<group>"; };
		CDADCAED1C25262B00F4AFC2 /* 255319.lrc */ = {isa = PBXFileReference; fileEncoding = 4; lastKnownFileType = text; path = 255319.lrc; sourceTree = "<group>"; };
		CDADCAEE1C25262B00F4AFC2 /* 309769.lrc */ = {isa = PBXFileReference; fileEncoding = 4; lastKnownFileType = text; path = 309769.lrc; sourceTree = "<group>"; };
		CDADCAEF1C25262B00F4AFC2 /* 339744.lrc */ = {isa = PBXFileReference; fileEncoding = 4; lastKnownFileType = text; path = 339744.lrc; sourceTree = "<group>"; };
		CDADCAF01C25262B00F4AFC2 /* 月半小夜曲.lrc */ = {isa = PBXFileReference; fileEncoding = 4; lastKnownFileType = text; path = "月半小夜曲.lrc"; sourceTree = "<group>"; };
		CDADCAF21C25262B00F4AFC2 /* 10405520.mp3 */ = {isa = PBXFileReference; lastKnownFileType = audio.mp3; path = 10405520.mp3; sourceTree = "<group>"; };
		CDADCAF31C25262B00F4AFC2 /* 10736444.mp3 */ = {isa = PBXFileReference; lastKnownFileType = audio.mp3; path = 10736444.mp3; sourceTree = "<group>"; };
		CDADCAF41C25262B00F4AFC2 /* 1201111234.mp3 */ = {isa = PBXFileReference; lastKnownFileType = audio.mp3; path = 1201111234.mp3; sourceTree = "<group>"; };
		CDADCAF51C25262B00F4AFC2 /* 120125029.mp3 */ = {isa = PBXFileReference; lastKnownFileType = audio.mp3; path = 120125029.mp3; sourceTree = "<group>"; };
		CDADCAF61C25262B00F4AFC2 /* 12309111.mp3 */ = {isa = PBXFileReference; lastKnownFileType = audio.mp3; path = 12309111.mp3; sourceTree = "<group>"; };
		CDADCAF71C25262B00F4AFC2 /* 14945107.mp3 */ = {isa = PBXFileReference; lastKnownFileType = audio.mp3; path = 14945107.mp3; sourceTree = "<group>"; };
		CDADCAF81C25262B00F4AFC2 /* 235319.mp3 */ = {isa = PBXFileReference; lastKnownFileType = audio.mp3; path = 235319.mp3; sourceTree = "<group>"; };
		CDADCAF91C25262B00F4AFC2 /* 255319.mp3 */ = {isa = PBXFileReference; lastKnownFileType = audio.mp3; path = 255319.mp3; sourceTree = "<group>"; };
		CDADCAFA1C25262B00F4AFC2 /* 309769.mp3 */ = {isa = PBXFileReference; lastKnownFileType = audio.mp3; path = 309769.mp3; sourceTree = "<group>"; };
		CDADCAFB1C25262B00F4AFC2 /* 339744.mp3 */ = {isa = PBXFileReference; lastKnownFileType = audio.mp3; path = 339744.mp3; sourceTree = "<group>"; };
		CDADCAFC1C25262B00F4AFC2 /* Musics.plist */ = {isa = PBXFileReference; fileEncoding = 4; lastKnownFileType = text.plist.xml; path = Musics.plist; sourceTree = "<group>"; };
		CDE028C51C2FBD2F00CDF85A /* LYImageTool.h */ = {isa = PBXFileReference; fileEncoding = 4; lastKnownFileType = sourcecode.c.h; path = LYImageTool.h; sourceTree = "<group>"; };
		CDE028C61C2FBD2F00CDF85A /* LYImageTool.m */ = {isa = PBXFileReference; fileEncoding = 4; lastKnownFileType = sourcecode.c.objc; path = LYImageTool.m; sourceTree = "<group>"; };
/* End PBXFileReference section */

/* Begin PBXFrameworksBuildPhase section */
		CDADCA781C2522A200F4AFC2 /* Frameworks */ = {
			isa = PBXFrameworksBuildPhase;
			buildActionMask = 2147483647;
			files = (
			);
			runOnlyForDeploymentPostprocessing = 0;
		};
		CDADCA911C2522A300F4AFC2 /* Frameworks */ = {
			isa = PBXFrameworksBuildPhase;
			buildActionMask = 2147483647;
			files = (
			);
			runOnlyForDeploymentPostprocessing = 0;
		};
		CDADCA9C1C2522A300F4AFC2 /* Frameworks */ = {
			isa = PBXFrameworksBuildPhase;
			buildActionMask = 2147483647;
			files = (
			);
			runOnlyForDeploymentPostprocessing = 0;
		};
/* End PBXFrameworksBuildPhase section */

/* Begin PBXGroup section */
		CD525DAB1E893B940077E848 /* Storyboard */ = {
			isa = PBXGroup;
			children = (
				CDADCA8C1C2522A200F4AFC2 /* LaunchScreen.storyboard */,
				CDADCA871C2522A200F4AFC2 /* Main.storyboard */,
			);
			path = Storyboard;
			sourceTree = "<group>";
		};
		CD525DAC1E893BD10077E848 /* plist */ = {
			isa = PBXGroup;
			children = (
				CDADCAFC1C25262B00F4AFC2 /* Musics.plist */,
			);
			path = plist;
			sourceTree = "<group>";
		};
		CD9B444E1C26ACEC004AB2AE /* MJExtension */ = {
			isa = PBXGroup;
			children = (
				CD9B444F1C26ACEC004AB2AE /* MJDictionaryCache.h */,
				CD9B44501C26ACEC004AB2AE /* MJDictionaryCache.m */,
				CD9B44511C26ACEC004AB2AE /* MJExtension.h */,
				CD9B44521C26ACEC004AB2AE /* MJExtensionConst.h */,
				CD9B44531C26ACEC004AB2AE /* MJExtensionConst.m */,
				CD9B44541C26ACEC004AB2AE /* MJFoundation.h */,
				CD9B44551C26ACEC004AB2AE /* MJFoundation.m */,
				CD9B44561C26ACEC004AB2AE /* MJProperty.h */,
				CD9B44571C26ACEC004AB2AE /* MJProperty.m */,
				CD9B44581C26ACEC004AB2AE /* MJPropertyKey.h */,
				CD9B44591C26ACEC004AB2AE /* MJPropertyKey.m */,
				CD9B445A1C26ACEC004AB2AE /* MJPropertyType.h */,
				CD9B445B1C26ACEC004AB2AE /* MJPropertyType.m */,
				CD9B445C1C26ACEC004AB2AE /* NSObject+MJClass.h */,
				CD9B445D1C26ACEC004AB2AE /* NSObject+MJClass.m */,
				CD9B445E1C26ACEC004AB2AE /* NSObject+MJCoding.h */,
				CD9B445F1C26ACEC004AB2AE /* NSObject+MJCoding.m */,
				CD9B44601C26ACEC004AB2AE /* NSObject+MJKeyValue.h */,
				CD9B44611C26ACEC004AB2AE /* NSObject+MJKeyValue.m */,
				CD9B44621C26ACEC004AB2AE /* NSObject+MJProperty.h */,
				CD9B44631C26ACEC004AB2AE /* NSObject+MJProperty.m */,
				CD9B44641C26ACEC004AB2AE /* NSString+MJExtension.h */,
				CD9B44651C26ACEC004AB2AE /* NSString+MJExtension.m */,
			);
			path = MJExtension;
			sourceTree = "<group>";
		};
		CDADCA721C2522A200F4AFC2 = {
			isa = PBXGroup;
			children = (
				CDADCA7D1C2522A200F4AFC2 /* MusicPlayer */,
				CDADCA971C2522A300F4AFC2 /* MusicPlayerTests */,
				CDADCAA21C2522A300F4AFC2 /* MusicPlayerUITests */,
				CDADCA7C1C2522A200F4AFC2 /* Products */,
			);
			sourceTree = "<group>";
		};
		CDADCA7C1C2522A200F4AFC2 /* Products */ = {
			isa = PBXGroup;
			children = (
				CDADCA7B1C2522A200F4AFC2 /* MusicPlayer.app */,
				CDADCA941C2522A300F4AFC2 /* MusicPlayerTests.xctest */,
				CDADCA9F1C2522A300F4AFC2 /* MusicPlayerUITests.xctest */,
			);
			name = Products;
			sourceTree = "<group>";
		};
		CDADCA7D1C2522A200F4AFC2 /* MusicPlayer */ = {
			isa = PBXGroup;
			children = (
				CDADCAB11C25237800F4AFC2 /* Classes */,
				CDADCAD01C25262B00F4AFC2 /* Resources */,
				CD525DAB1E893B940077E848 /* Storyboard */,
				CDADCA7E1C2522A200F4AFC2 /* Supporting Files */,
			);
			path = MusicPlayer;
			sourceTree = "<group>";
		};
		CDADCA7E1C2522A200F4AFC2 /* Supporting Files */ = {
			isa = PBXGroup;
			children = (
				CDADCAC11C25237800F4AFC2 /* Info.plist */,
				CDA052DC1C26E44E0041499B /* MusicPlayer.pch */,
				CDADCAC21C25237800F4AFC2 /* main.m */,
			);
			path = "Supporting Files";
			sourceTree = "<group>";
		};
		CDADCA971C2522A300F4AFC2 /* MusicPlayerTests */ = {
			isa = PBXGroup;
			children = (
				CDADCA9A1C2522A300F4AFC2 /* Info.plist */,
				CDADCA981C2522A300F4AFC2 /* MusicPlayerTests.m */,
			);
			path = MusicPlayerTests;
			sourceTree = "<group>";
		};
		CDADCAA21C2522A300F4AFC2 /* MusicPlayerUITests */ = {
			isa = PBXGroup;
			children = (
				CDADCAA51C2522A300F4AFC2 /* Info.plist */,
				CDADCAA31C2522A300F4AFC2 /* MusicPlayerUITests.m */,
			);
			path = MusicPlayerUITests;
			sourceTree = "<group>";
		};
		CDADCAB11C25237800F4AFC2 /* Classes */ = {
			isa = PBXGroup;
			children = (
				CDADCABE1C25237800F4AFC2 /* AppDelegate */,
				CDADCAB21C25237800F4AFC2 /* MusicDetail */,
				CDADCAB61C25237800F4AFC2 /* MusicList */,
				CDADCABA1C25237800F4AFC2 /* Other */,
			);
			path = Classes;
			sourceTree = "<group>";
		};
		CDADCAB21C25237800F4AFC2 /* MusicDetail */ = {
			isa = PBXGroup;
			children = (
				CDADCAB31C25237800F4AFC2 /* Controller */,
				CDADCAB41C25237800F4AFC2 /* Model */,
				CDADCAB51C25237800F4AFC2 /* View */,
			);
			path = MusicDetail;
			sourceTree = "<group>";
		};
		CDADCAB31C25237800F4AFC2 /* Controller */ = {
			isa = PBXGroup;
			children = (
				CDADCACA1C2524BF00F4AFC2 /* LYDetailViewController.h */,
				CDADCACB1C2524BF00F4AFC2 /* LYDetailViewController.m */,
				CD9C7DAA1C2EECA2009C5E0A /* LYLrcViewController.h */,
				CD9C7DAB1C2EECA2009C5E0A /* LYLrcViewController.m */,
			);
			path = Controller;
			sourceTree = "<group>";
		};
		CDADCAB41C25237800F4AFC2 /* Model */ = {
			isa = PBXGroup;
			children = (
				CD9C7DAD1C2EF010009C5E0A /* LYLrcModel.h */,
				CD9C7DAE1C2EF010009C5E0A /* LYLrcModel.m */,
				CD987D011C271250007D22E7 /* LYMusicMessageModel.h */,
				CD987D021C271250007D22E7 /* LYMusicMessageModel.m */,
			);
			path = Model;
			sourceTree = "<group>";
		};
		CDADCAB51C25237800F4AFC2 /* View */ = {
			isa = PBXGroup;
			children = (
				CD9C7DB61C2F0141009C5E0A /* LYLrcCell.h */,
				CD9C7DB71C2F0141009C5E0A /* LYLrcCell.m */,
				CD9C7DB81C2F0141009C5E0A /* LYLrcCell.xib */,
				CD9C7DB31C2EFDC4009C5E0A /* LYLrcLabel.h */,
				CD9C7DB41C2EFDC4009C5E0A /* LYLrcLabel.m */,
			);
			path = View;
			sourceTree = "<group>";
		};
		CDADCAB61C25237800F4AFC2 /* MusicList */ = {
			isa = PBXGroup;
			children = (
				CDADCAB71C25237800F4AFC2 /* Controller */,
				CDADCAB81C25237800F4AFC2 /* Model */,
				CDADCAB91C25237800F4AFC2 /* View */,
			);
			path = MusicList;
			sourceTree = "<group>";
		};
		CDADCAB71C25237800F4AFC2 /* Controller */ = {
			isa = PBXGroup;
			children = (
				CDADCACD1C2524E000F4AFC2 /* LYListTableViewController.h */,
				CDADCACE1C2524E000F4AFC2 /* LYListTableViewController.m */,
			);
			path = Controller;
			sourceTree = "<group>";
		};
		CDADCAB81C25237800F4AFC2 /* Model */ = {
			isa = PBXGroup;
			children = (
				CD9B44481C26AB75004AB2AE /* LYMusicModel.h */,
				CD9B44491C26AB75004AB2AE /* LYMusicModel.m */,
			);
			path = Model;
			sourceTree = "<group>";
		};
		CDADCAB91C25237800F4AFC2 /* View */ = {
			isa = PBXGroup;
			children = (
				CDA052D41C26DBDF0041499B /* LYMusicListCell.h */,
				CDA052D51C26DBDF0041499B /* LYMusicListCell.m */,
				CDA052D61C26DBDF0041499B /* LYMusicListCell.xib */,
			);
			path = View;
			sourceTree = "<group>";
		};
		CDADCABA1C25237800F4AFC2 /* Other */ = {
			isa = PBXGroup;
			children = (
				CDADCABB1C25237800F4AFC2 /* Category */,
				CDADCABC1C25237800F4AFC2 /* DataTool */,
				CDADCABD1C25237800F4AFC2 /* Lib */,
				CDADCAC31C25237800F4AFC2 /* Tool */,
			);
			path = Other;
			sourceTree = "<group>";
		};
		CDADCABB1C25237800F4AFC2 /* Category */ = {
			isa = PBXGroup;
			children = (
				CD9C7DA71C2EDC78009C5E0A /* CALayer+PauseAimate.h */,
				CD9C7DA81C2EDC78009C5E0A /* CALayer+PauseAimate.m */,
				CDA052D91C26E2ED0041499B /* UIView+Extension.h */,
				CDA052DA1C26E2ED0041499B /* UIView+Extension.m */,
			);
			path = Category;
			sourceTree = "<group>";
		};
		CDADCABC1C25237800F4AFC2 /* DataTool */ = {
			isa = PBXGroup;
			children = (
				CD9C7DB01C2EF03C009C5E0A /* LYLrcDataTool.h */,
				CD9C7DB11C2EF03C009C5E0A /* LYLrcDataTool.m */,
				CD9B444B1C26AC3B004AB2AE /* LYMusicDataTool.h */,
				CD9B444C1C26AC3B004AB2AE /* LYMusicDataTool.m */,
			);
			path = DataTool;
			sourceTree = "<group>";
		};
		CDADCABD1C25237800F4AFC2 /* Lib */ = {
			isa = PBXGroup;
			children = (
				CD9B444E1C26ACEC004AB2AE /* MJExtension */,
			);
			path = Lib;
			sourceTree = "<group>";
		};
		CDADCABE1C25237800F4AFC2 /* AppDelegate */ = {
			isa = PBXGroup;
			children = (
				CDADCABF1C25237800F4AFC2 /* AppDelegate.h */,
				CDADCAC01C25237800F4AFC2 /* AppDelegate.m */,
			);
			path = AppDelegate;
			sourceTree = "<group>";
		};
		CDADCAC31C25237800F4AFC2 /* Tool */ = {
			isa = PBXGroup;
			children = (
				CDA052DD1C26EB650041499B /* LYAudioTool.h */,
				CDA052DE1C26EB650041499B /* LYAudioTool.m */,
				CDE028C51C2FBD2F00CDF85A /* LYImageTool.h */,
				CDE028C61C2FBD2F00CDF85A /* LYImageTool.m */,
				CDA052E01C26EE0A0041499B /* LYMusicOperationTool.h */,
				CDA052E11C26EE0A0041499B /* LYMusicOperationTool.m */,
				CD987D041C271977007D22E7 /* LYTimeTool.h */,
				CD987D051C271977007D22E7 /* LYTimeTool.m */,
				CDA052E31C26EE5A0041499B /* Singleton.h */,
			);
			path = Tool;
			sourceTree = "<group>";
		};
		CDADCAD01C25262B00F4AFC2 /* Resources */ = {
			isa = PBXGroup;
			children = (
				CDADCAD11C25262B00F4AFC2 /* Images */,
				CDADCAE61C25262B00F4AFC2 /* Lrcs */,
				CDADCAF11C25262B00F4AFC2 /* MP3s */,
				CD525DAC1E893BD10077E848 /* plist */,
				CDADCA8A1C2522A200F4AFC2 /* Assets.xcassets */,
			);
			path = Resources;
			sourceTree = "<group>";
		};
		CDADCAD11C25262B00F4AFC2 /* Images */ = {
			isa = PBXGroup;
			children = (
				CDADCAD21C25262B00F4AFC2 /* bb@2x.jpg */,
				CDADCAD31C25262B00F4AFC2 /* bb_icon@2x.jpg */,
				CDADCAD41C25262B00F4AFC2 /* dzq@2x.jpg */,
				CDADCAD51C25262B00F4AFC2 /* dzq_icon@2x.jpg */,
				CDADCAD61C25262B00F4AFC2 /* eason@2x.jpg */,
				CDADCAD71C25262B00F4AFC2 /* eason_icon@2x.jpg */,
				CDADCAD81C25262B00F4AFC2 /* jay@2x.jpg */,
				CDADCAD91C25262B00F4AFC2 /* jay_icon@2x.png */,
				CDADCADA1C25262B00F4AFC2 /* jj@2x.jpg */,
				CDADCADB1C25262B00F4AFC2 /* jj_icon@2x.png */,
				CDADCADC1C25262B00F4AFC2 /* kzxd@2x.jpg */,
				CDADCADD1C25262B00F4AFC2 /* kzxd_icon@2x.jpg */,
				CDADCADE1C25262B00F4AFC2 /* lkq@2x.jpg */,
				CDADCADF1C25262B00F4AFC2 /* lkq_icon@2x.jpg */,
				CDADCAE01C25262B00F4AFC2 /* nanquan@2x.jpg */,
				CDADCAE11C25262B00F4AFC2 /* nanquan_icon@2x.jpg */,
				CDADCAE21C25262B00F4AFC2 /* wf@2x.jpg */,
				CDADCAE31C25262B00F4AFC2 /* wf_icon@2x.jpg */,
				CDADCAE41C25262B00F4AFC2 /* zxy@2x.jpg */,
				CDADCAE51C25262B00F4AFC2 /* zxy_icon@2x.jpg */,
			);
			path = Images;
			sourceTree = "<group>";
		};
		CDADCAE61C25262B00F4AFC2 /* Lrcs */ = {
			isa = PBXGroup;
			children = (
				CDADCAE71C25262B00F4AFC2 /* 10405520.lrc */,
				CDADCAE81C25262B00F4AFC2 /* 10736444.lrc */,
				CDADCAE91C25262B00F4AFC2 /* 120125029.lrc */,
				CDADCAEA1C25262B00F4AFC2 /* 12309111.lrc */,
				CDADCAEB1C25262B00F4AFC2 /* 14945107.lrc */,
				CDADCAEC1C25262B00F4AFC2 /* 235319.lrc */,
				CDADCAED1C25262B00F4AFC2 /* 255319.lrc */,
				CDADCAEE1C25262B00F4AFC2 /* 309769.lrc */,
				CDADCAEF1C25262B00F4AFC2 /* 339744.lrc */,
				CDADCAF01C25262B00F4AFC2 /* 月半小夜曲.lrc */,
			);
			path = Lrcs;
			sourceTree = "<group>";
		};
		CDADCAF11C25262B00F4AFC2 /* MP3s */ = {
			isa = PBXGroup;
			children = (
				CDADCAF21C25262B00F4AFC2 /* 10405520.mp3 */,
				CDADCAF31C25262B00F4AFC2 /* 10736444.mp3 */,
				CDADCAF41C25262B00F4AFC2 /* 1201111234.mp3 */,
				CDADCAF51C25262B00F4AFC2 /* 120125029.mp3 */,
				CDADCAF61C25262B00F4AFC2 /* 12309111.mp3 */,
				CDADCAF71C25262B00F4AFC2 /* 14945107.mp3 */,
				CDADCAF81C25262B00F4AFC2 /* 235319.mp3 */,
				CDADCAF91C25262B00F4AFC2 /* 255319.mp3 */,
				CDADCAFA1C25262B00F4AFC2 /* 309769.mp3 */,
				CDADCAFB1C25262B00F4AFC2 /* 339744.mp3 */,
			);
			path = MP3s;
			sourceTree = "<group>";
		};
/* End PBXGroup section */

/* Begin PBXNativeTarget section */
		CDADCA7A1C2522A200F4AFC2 /* MusicPlayer */ = {
			isa = PBXNativeTarget;
			buildConfigurationList = CDADCAA81C2522A300F4AFC2 /* Build configuration list for PBXNativeTarget "MusicPlayer" */;
			buildPhases = (
				CDADCA771C2522A200F4AFC2 /* Sources */,
				CDADCA781C2522A200F4AFC2 /* Frameworks */,
				CDADCA791C2522A200F4AFC2 /* Resources */,
			);
			buildRules = (
			);
			dependencies = (
			);
			name = MusicPlayer;
			productName = MusicPlayer;
			productReference = CDADCA7B1C2522A200F4AFC2 /* MusicPlayer.app */;
			productType = "com.apple.product-type.application";
		};
		CDADCA931C2522A300F4AFC2 /* MusicPlayerTests */ = {
			isa = PBXNativeTarget;
			buildConfigurationList = CDADCAAB1C2522A300F4AFC2 /* Build configuration list for PBXNativeTarget "MusicPlayerTests" */;
			buildPhases = (
				CDADCA901C2522A300F4AFC2 /* Sources */,
				CDADCA911C2522A300F4AFC2 /* Frameworks */,
				CDADCA921C2522A300F4AFC2 /* Resources */,
			);
			buildRules = (
			);
			dependencies = (
				CDADCA961C2522A300F4AFC2 /* PBXTargetDependency */,
			);
			name = MusicPlayerTests;
			productName = MusicPlayerTests;
			productReference = CDADCA941C2522A300F4AFC2 /* MusicPlayerTests.xctest */;
			productType = "com.apple.product-type.bundle.unit-test";
		};
		CDADCA9E1C2522A300F4AFC2 /* MusicPlayerUITests */ = {
			isa = PBXNativeTarget;
			buildConfigurationList = CDADCAAE1C2522A300F4AFC2 /* Build configuration list for PBXNativeTarget "MusicPlayerUITests" */;
			buildPhases = (
				CDADCA9B1C2522A300F4AFC2 /* Sources */,
				CDADCA9C1C2522A300F4AFC2 /* Frameworks */,
				CDADCA9D1C2522A300F4AFC2 /* Resources */,
			);
			buildRules = (
			);
			dependencies = (
				CDADCAA11C2522A300F4AFC2 /* PBXTargetDependency */,
			);
			name = MusicPlayerUITests;
			productName = MusicPlayerUITests;
			productReference = CDADCA9F1C2522A300F4AFC2 /* MusicPlayerUITests.xctest */;
			productType = "com.apple.product-type.bundle.ui-testing";
		};
/* End PBXNativeTarget section */

/* Begin PBXProject section */
		CDADCA731C2522A200F4AFC2 /* Project object */ = {
			isa = PBXProject;
			attributes = {
				CLASSPREFIX = LY;
				LastUpgradeCheck = 0820;
				ORGANIZATIONNAME = DeveloperLY;
				TargetAttributes = {
					CDADCA7A1C2522A200F4AFC2 = {
						CreatedOnToolsVersion = 7.2;
						DevelopmentTeam = 342VP95RM8;
						SystemCapabilities = {
							com.apple.BackgroundModes = {
								enabled = 1;
							};
						};
					};
					CDADCA931C2522A300F4AFC2 = {
						CreatedOnToolsVersion = 7.2;
						DevelopmentTeam = 342VP95RM8;
						TestTargetID = CDADCA7A1C2522A200F4AFC2;
					};
					CDADCA9E1C2522A300F4AFC2 = {
						CreatedOnToolsVersion = 7.2;
						DevelopmentTeam = 342VP95RM8;
						TestTargetID = CDADCA7A1C2522A200F4AFC2;
					};
				};
			};
			buildConfigurationList = CDADCA761C2522A200F4AFC2 /* Build configuration list for PBXProject "MusicPlayer" */;
			compatibilityVersion = "Xcode 3.2";
			developmentRegion = English;
			hasScannedForEncodings = 0;
			knownRegions = (
				en,
				Base,
			);
			mainGroup = CDADCA721C2522A200F4AFC2;
			productRefGroup = CDADCA7C1C2522A200F4AFC2 /* Products */;
			projectDirPath = "";
			projectRoot = "";
			targets = (
				CDADCA7A1C2522A200F4AFC2 /* MusicPlayer */,
				CDADCA931C2522A300F4AFC2 /* MusicPlayerTests */,
				CDADCA9E1C2522A300F4AFC2 /* MusicPlayerUITests */,
			);
		};
/* End PBXProject section */

/* Begin PBXResourcesBuildPhase section */
		CDADCA791C2522A200F4AFC2 /* Resources */ = {
			isa = PBXResourcesBuildPhase;
			buildActionMask = 2147483647;
			files = (
				CDADCB121C25262B00F4AFC2 /* 10736444.lrc in Resources */,
				CDADCB141C25262B00F4AFC2 /* 12309111.lrc in Resources */,
				CDADCB171C25262B00F4AFC2 /* 255319.lrc in Resources */,
				CDADCB1E1C25262B00F4AFC2 /* 120125029.mp3 in Resources */,
				CDADCAFE1C25262B00F4AFC2 /* bb_icon@2x.jpg in Resources */,
				CDADCB0E1C25262B00F4AFC2 /* wf_icon@2x.jpg in Resources */,
				CDADCB0C1C25262B00F4AFC2 /* nanquan_icon@2x.jpg in Resources */,
				CDADCB1C1C25262B00F4AFC2 /* 10736444.mp3 in Resources */,
				CDADCB221C25262B00F4AFC2 /* 255319.mp3 in Resources */,
				CDADCB081C25262B00F4AFC2 /* kzxd_icon@2x.jpg in Resources */,
				CDADCB211C25262B00F4AFC2 /* 235319.mp3 in Resources */,
				CDADCB071C25262B00F4AFC2 /* kzxd@2x.jpg in Resources */,
				CDADCB0D1C25262B00F4AFC2 /* wf@2x.jpg in Resources */,
				CDADCB021C25262B00F4AFC2 /* eason_icon@2x.jpg in Resources */,
				CDADCB191C25262B00F4AFC2 /* 339744.lrc in Resources */,
				CDADCB111C25262B00F4AFC2 /* 10405520.lrc in Resources */,
				CDADCA8E1C2522A200F4AFC2 /* LaunchScreen.storyboard in Resources */,
				CDADCB1F1C25262B00F4AFC2 /* 12309111.mp3 in Resources */,
				CDADCB0B1C25262B00F4AFC2 /* nanquan@2x.jpg in Resources */,
				CDADCB011C25262B00F4AFC2 /* eason@2x.jpg in Resources */,
				CDADCB101C25262B00F4AFC2 /* zxy_icon@2x.jpg in Resources */,
				CDA052D81C26DBDF0041499B /* LYMusicListCell.xib in Resources */,
				CDADCA8B1C2522A200F4AFC2 /* Assets.xcassets in Resources */,
				CDADCB1D1C25262B00F4AFC2 /* 1201111234.mp3 in Resources */,
				CDADCA891C2522A200F4AFC2 /* Main.storyboard in Resources */,
				CDADCB251C25262B00F4AFC2 /* Musics.plist in Resources */,
				CDADCB061C25262B00F4AFC2 /* jj_icon@2x.png in Resources */,
				CDADCB161C25262B00F4AFC2 /* 235319.lrc in Resources */,
				CDADCAFD1C25262B00F4AFC2 /* bb@2x.jpg in Resources */,
				CDADCB131C25262B00F4AFC2 /* 120125029.lrc in Resources */,
				CDADCB041C25262B00F4AFC2 /* jay_icon@2x.png in Resources */,
				CDADCB241C25262B00F4AFC2 /* 339744.mp3 in Resources */,
				CDADCB051C25262B00F4AFC2 /* jj@2x.jpg in Resources */,
				CDADCB091C25262B00F4AFC2 /* lkq@2x.jpg in Resources */,
				CDADCB0A1C25262B00F4AFC2 /* lkq_icon@2x.jpg in Resources */,
				CDADCB1B1C25262B00F4AFC2 /* 10405520.mp3 in Resources */,
				CDADCB151C25262B00F4AFC2 /* 14945107.lrc in Resources */,
				CDADCB201C25262B00F4AFC2 /* 14945107.mp3 in Resources */,
				CDADCB181C25262B00F4AFC2 /* 309769.lrc in Resources */,
				CDADCB031C25262B00F4AFC2 /* jay@2x.jpg in Resources */,
				CDADCB231C25262B00F4AFC2 /* 309769.mp3 in Resources */,
				CDADCB0F1C25262B00F4AFC2 /* zxy@2x.jpg in Resources */,
				CD9C7DBA1C2F0141009C5E0A /* LYLrcCell.xib in Resources */,
				CDADCB1A1C25262B00F4AFC2 /* 月半小夜曲.lrc in Resources */,
				CDADCAFF1C25262B00F4AFC2 /* dzq@2x.jpg in Resources */,
				CDADCB001C25262B00F4AFC2 /* dzq_icon@2x.jpg in Resources */,
			);
			runOnlyForDeploymentPostprocessing = 0;
		};
		CDADCA921C2522A300F4AFC2 /* Resources */ = {
			isa = PBXResourcesBuildPhase;
			buildActionMask = 2147483647;
			files = (
			);
			runOnlyForDeploymentPostprocessing = 0;
		};
		CDADCA9D1C2522A300F4AFC2 /* Resources */ = {
			isa = PBXResourcesBuildPhase;
			buildActionMask = 2147483647;
			files = (
			);
			runOnlyForDeploymentPostprocessing = 0;
		};
/* End PBXResourcesBuildPhase section */

/* Begin PBXSourcesBuildPhase section */
		CDADCA771C2522A200F4AFC2 /* Sources */ = {
			isa = PBXSourcesBuildPhase;
			buildActionMask = 2147483647;
			files = (
				CDE2D03A1C2F89FF00C5365D /* LYLrcViewController.m in Sources */,
				CD9B446D1C26ACEC004AB2AE /* NSObject+MJCoding.m in Sources */,
				CDE028C71C2FBD2F00CDF85A /* LYImageTool.m in Sources */,
				CD9C7DB21C2EF03C009C5E0A /* LYLrcDataTool.m in Sources */,
				CDA052DF1C26EB650041499B /* LYAudioTool.m in Sources */,
				CD9B44671C26ACEC004AB2AE /* MJExtensionConst.m in Sources */,
				CD9B446C1C26ACEC004AB2AE /* NSObject+MJClass.m in Sources */,
				CD9B446A1C26ACEC004AB2AE /* MJPropertyKey.m in Sources */,
				CDADCAC61C25237800F4AFC2 /* main.m in Sources */,
				CDADCAC41C25237800F4AFC2 /* AppDelegate.m in Sources */,
				CD9C7DB91C2F0141009C5E0A /* LYLrcCell.m in Sources */,
				CDA052DB1C26E2ED0041499B /* UIView+Extension.m in Sources */,
				CDA052D71C26DBDF0041499B /* LYMusicListCell.m in Sources */,
				CD9B44691C26ACEC004AB2AE /* MJProperty.m in Sources */,
				CD9B44681C26ACEC004AB2AE /* MJFoundation.m in Sources */,
				CD9B44661C26ACEC004AB2AE /* MJDictionaryCache.m in Sources */,
				CD9B444D1C26AC3B004AB2AE /* LYMusicDataTool.m in Sources */,
				CD9B444A1C26AB75004AB2AE /* LYMusicModel.m in Sources */,
				CD987D061C271977007D22E7 /* LYTimeTool.m in Sources */,
				CD9B446B1C26ACEC004AB2AE /* MJPropertyType.m in Sources */,
				CDADCACF1C2524E000F4AFC2 /* LYListTableViewController.m in Sources */,
				CDA052E21C26EE0A0041499B /* LYMusicOperationTool.m in Sources */,
				CD9B446E1C26ACEC004AB2AE /* NSObject+MJKeyValue.m in Sources */,
				CD9C7DA91C2EDC78009C5E0A /* CALayer+PauseAimate.m in Sources */,
				CD9C7DB51C2EFDC4009C5E0A /* LYLrcLabel.m in Sources */,
				CD9B44701C26ACEC004AB2AE /* NSString+MJExtension.m in Sources */,
				CDADCACC1C2524BF00F4AFC2 /* LYDetailViewController.m in Sources */,
				CD987D031C271250007D22E7 /* LYMusicMessageModel.m in Sources */,
				CD9C7DAF1C2EF010009C5E0A /* LYLrcModel.m in Sources */,
				CD9B446F1C26ACEC004AB2AE /* NSObject+MJProperty.m in Sources */,
			);
			runOnlyForDeploymentPostprocessing = 0;
		};
		CDADCA901C2522A300F4AFC2 /* Sources */ = {
			isa = PBXSourcesBuildPhase;
			buildActionMask = 2147483647;
			files = (
				CDADCA991C2522A300F4AFC2 /* MusicPlayerTests.m in Sources */,
			);
			runOnlyForDeploymentPostprocessing = 0;
		};
		CDADCA9B1C2522A300F4AFC2 /* Sources */ = {
			isa = PBXSourcesBuildPhase;
			buildActionMask = 2147483647;
			files = (
				CDADCAA41C2522A300F4AFC2 /* MusicPlayerUITests.m in Sources */,
			);
			runOnlyForDeploymentPostprocessing = 0;
		};
/* End PBXSourcesBuildPhase section */

/* Begin PBXTargetDependency section */
		CDADCA961C2522A300F4AFC2 /* PBXTargetDependency */ = {
			isa = PBXTargetDependency;
			target = CDADCA7A1C2522A200F4AFC2 /* MusicPlayer */;
			targetProxy = CDADCA951C2522A300F4AFC2 /* PBXContainerItemProxy */;
		};
		CDADCAA11C2522A300F4AFC2 /* PBXTargetDependency */ = {
			isa = PBXTargetDependency;
			target = CDADCA7A1C2522A200F4AFC2 /* MusicPlayer */;
			targetProxy = CDADCAA01C2522A300F4AFC2 /* PBXContainerItemProxy */;
		};
/* End PBXTargetDependency section */

/* Begin PBXVariantGroup section */
		CDADCA871C2522A200F4AFC2 /* Main.storyboard */ = {
			isa = PBXVariantGroup;
			children = (
				CDADCA881C2522A200F4AFC2 /* Base */,
			);
			name = Main.storyboard;
			path = .;
			sourceTree = "<group>";
		};
		CDADCA8C1C2522A200F4AFC2 /* LaunchScreen.storyboard */ = {
			isa = PBXVariantGroup;
			children = (
				CDADCA8D1C2522A200F4AFC2 /* Base */,
			);
			name = LaunchScreen.storyboard;
			path = .;
			sourceTree = "<group>";
		};
/* End PBXVariantGroup section */

/* Begin XCBuildConfiguration section */
		CDADCAA61C2522A300F4AFC2 /* Debug */ = {
			isa = XCBuildConfiguration;
			buildSettings = {
				ALWAYS_SEARCH_USER_PATHS = NO;
				CLANG_CXX_LANGUAGE_STANDARD = "gnu++0x";
				CLANG_CXX_LIBRARY = "libc++";
				CLANG_ENABLE_MODULES = YES;
				CLANG_ENABLE_OBJC_ARC = YES;
				CLANG_WARN_BOOL_CONVERSION = YES;
				CLANG_WARN_CONSTANT_CONVERSION = YES;
				CLANG_WARN_DIRECT_OBJC_ISA_USAGE = YES_ERROR;
				CLANG_WARN_EMPTY_BODY = YES;
				CLANG_WARN_ENUM_CONVERSION = YES;
				CLANG_WARN_INFINITE_RECURSION = YES;
				CLANG_WARN_INT_CONVERSION = YES;
				CLANG_WARN_OBJC_ROOT_CLASS = YES_ERROR;
				CLANG_WARN_SUSPICIOUS_MOVE = YES;
				CLANG_WARN_UNREACHABLE_CODE = YES;
				CLANG_WARN__DUPLICATE_METHOD_MATCH = YES;
				"CODE_SIGN_IDENTITY[sdk=iphoneos*]" = "iPhone Developer";
				COPY_PHASE_STRIP = NO;
				DEBUG_INFORMATION_FORMAT = dwarf;
				ENABLE_STRICT_OBJC_MSGSEND = YES;
				ENABLE_TESTABILITY = YES;
				GCC_C_LANGUAGE_STANDARD = gnu99;
				GCC_DYNAMIC_NO_PIC = NO;
				GCC_NO_COMMON_BLOCKS = YES;
				GCC_OPTIMIZATION_LEVEL = 0;
				GCC_PREPROCESSOR_DEFINITIONS = (
					"DEBUG=1",
					"$(inherited)",
				);
				GCC_WARN_64_TO_32_BIT_CONVERSION = YES;
				GCC_WARN_ABOUT_RETURN_TYPE = YES_ERROR;
				GCC_WARN_UNDECLARED_SELECTOR = YES;
				GCC_WARN_UNINITIALIZED_AUTOS = YES_AGGRESSIVE;
				GCC_WARN_UNUSED_FUNCTION = YES;
				GCC_WARN_UNUSED_VARIABLE = YES;
				IPHONEOS_DEPLOYMENT_TARGET = 8.0;
				MTL_ENABLE_DEBUG_INFO = YES;
				ONLY_ACTIVE_ARCH = YES;
				SDKROOT = iphoneos;
			};
			name = Debug;
		};
		CDADCAA71C2522A300F4AFC2 /* Release */ = {
			isa = XCBuildConfiguration;
			buildSettings = {
				ALWAYS_SEARCH_USER_PATHS = NO;
				CLANG_CXX_LANGUAGE_STANDARD = "gnu++0x";
				CLANG_CXX_LIBRARY = "libc++";
				CLANG_ENABLE_MODULES = YES;
				CLANG_ENABLE_OBJC_ARC = YES;
				CLANG_WARN_BOOL_CONVERSION = YES;
				CLANG_WARN_CONSTANT_CONVERSION = YES;
				CLANG_WARN_DIRECT_OBJC_ISA_USAGE = YES_ERROR;
				CLANG_WARN_EMPTY_BODY = YES;
				CLANG_WARN_ENUM_CONVERSION = YES;
				CLANG_WARN_INFINITE_RECURSION = YES;
				CLANG_WARN_INT_CONVERSION = YES;
				CLANG_WARN_OBJC_ROOT_CLASS = YES_ERROR;
				CLANG_WARN_SUSPICIOUS_MOVE = YES;
				CLANG_WARN_UNREACHABLE_CODE = YES;
				CLANG_WARN__DUPLICATE_METHOD_MATCH = YES;
				"CODE_SIGN_IDENTITY[sdk=iphoneos*]" = "iPhone Developer";
				COPY_PHASE_STRIP = NO;
				DEBUG_INFORMATION_FORMAT = "dwarf-with-dsym";
				ENABLE_NS_ASSERTIONS = NO;
				ENABLE_STRICT_OBJC_MSGSEND = YES;
				GCC_C_LANGUAGE_STANDARD = gnu99;
				GCC_NO_COMMON_BLOCKS = YES;
				GCC_WARN_64_TO_32_BIT_CONVERSION = YES;
				GCC_WARN_ABOUT_RETURN_TYPE = YES_ERROR;
				GCC_WARN_UNDECLARED_SELECTOR = YES;
				GCC_WARN_UNINITIALIZED_AUTOS = YES_AGGRESSIVE;
				GCC_WARN_UNUSED_FUNCTION = YES;
				GCC_WARN_UNUSED_VARIABLE = YES;
				IPHONEOS_DEPLOYMENT_TARGET = 8.0;
				MTL_ENABLE_DEBUG_INFO = NO;
				SDKROOT = iphoneos;
				VALIDATE_PRODUCT = YES;
			};
			name = Release;
		};
		CDADCAA91C2522A300F4AFC2 /* Debug */ = {
			isa = XCBuildConfiguration;
			buildSettings = {
				ASSETCATALOG_COMPILER_APPICON_NAME = AppIcon;
				ASSETCATALOG_COMPILER_LAUNCHIMAGE_NAME = "Brand Assets";
				GCC_PRECOMPILE_PREFIX_HEADER = YES;
				GCC_PREFIX_HEADER = "$(SRCROOT)/MusicPlayer/Supporting Files/MusicPlayer.pch";
				INFOPLIST_FILE = "$(SRCROOT)/MusicPlayer/Supporting Files/Info.plist";
				LD_RUNPATH_SEARCH_PATHS = "$(inherited) @executable_path/Frameworks";
				PRODUCT_BUNDLE_IDENTIFIER = net.developerly.MusicPlayer;
				PRODUCT_NAME = "$(TARGET_NAME)";
			};
			name = Debug;
		};
		CDADCAAA1C2522A300F4AFC2 /* Release */ = {
			isa = XCBuildConfiguration;
			buildSettings = {
				ASSETCATALOG_COMPILER_APPICON_NAME = AppIcon;
				ASSETCATALOG_COMPILER_LAUNCHIMAGE_NAME = "Brand Assets";
				GCC_PRECOMPILE_PREFIX_HEADER = YES;
				GCC_PREFIX_HEADER = "$(SRCROOT)/MusicPlayer/Supporting Files/MusicPlayer.pch";
				INFOPLIST_FILE = "$(SRCROOT)/MusicPlayer/Supporting Files/Info.plist";
				LD_RUNPATH_SEARCH_PATHS = "$(inherited) @executable_path/Frameworks";
				PRODUCT_BUNDLE_IDENTIFIER = net.developerly.MusicPlayer;
				PRODUCT_NAME = "$(TARGET_NAME)";
			};
			name = Release;
		};
		CDADCAAC1C2522A300F4AFC2 /* Debug */ = {
			isa = XCBuildConfiguration;
			buildSettings = {
				BUNDLE_LOADER = "$(TEST_HOST)";
				INFOPLIST_FILE = MusicPlayerTests/Info.plist;
				LD_RUNPATH_SEARCH_PATHS = "$(inherited) @executable_path/Frameworks @loader_path/Frameworks";
				PRODUCT_BUNDLE_IDENTIFIER = com.CoderYLiu.MusicPlayerTests;
				PRODUCT_NAME = "$(TARGET_NAME)";
				TEST_HOST = "$(BUILT_PRODUCTS_DIR)/MusicPlayer.app/MusicPlayer";
			};
			name = Debug;
		};
		CDADCAAD1C2522A300F4AFC2 /* Release */ = {
			isa = XCBuildConfiguration;
			buildSettings = {
				BUNDLE_LOADER = "$(TEST_HOST)";
				INFOPLIST_FILE = MusicPlayerTests/Info.plist;
				LD_RUNPATH_SEARCH_PATHS = "$(inherited) @executable_path/Frameworks @loader_path/Frameworks";
				PRODUCT_BUNDLE_IDENTIFIER = com.CoderYLiu.MusicPlayerTests;
				PRODUCT_NAME = "$(TARGET_NAME)";
				TEST_HOST = "$(BUILT_PRODUCTS_DIR)/MusicPlayer.app/MusicPlayer";
			};
			name = Release;
		};
		CDADCAAF1C2522A300F4AFC2 /* Debug */ = {
			isa = XCBuildConfiguration;
			buildSettings = {
				INFOPLIST_FILE = MusicPlayerUITests/Info.plist;
				LD_RUNPATH_SEARCH_PATHS = "$(inherited) @executable_path/Frameworks @loader_path/Frameworks";
				PRODUCT_BUNDLE_IDENTIFIER = com.CoderYLiu.MusicPlayerUITests;
				PRODUCT_NAME = "$(TARGET_NAME)";
				TEST_TARGET_NAME = MusicPlayer;
				USES_XCTRUNNER = YES;
			};
			name = Debug;
		};
		CDADCAB01C2522A300F4AFC2 /* Release */ = {
			isa = XCBuildConfiguration;
			buildSettings = {
				INFOPLIST_FILE = MusicPlayerUITests/Info.plist;
				LD_RUNPATH_SEARCH_PATHS = "$(inherited) @executable_path/Frameworks @loader_path/Frameworks";
				PRODUCT_BUNDLE_IDENTIFIER = com.CoderYLiu.MusicPlayerUITests;
				PRODUCT_NAME = "$(TARGET_NAME)";
				TEST_TARGET_NAME = MusicPlayer;
				USES_XCTRUNNER = YES;
			};
			name = Release;
		};
/* End XCBuildConfiguration section */

/* Begin XCConfigurationList section */
		CDADCA761C2522A200F4AFC2 /* Build configuration list for PBXProject "MusicPlayer" */ = {
			isa = XCConfigurationList;
			buildConfigurations = (
				CDADCAA61C2522A300F4AFC2 /* Debug */,
				CDADCAA71C2522A300F4AFC2 /* Release */,
			);
			defaultConfigurationIsVisible = 0;
			defaultConfigurationName = Release;
		};
		CDADCAA81C2522A300F4AFC2 /* Build configuration list for PBXNativeTarget "MusicPlayer" */ = {
			isa = XCConfigurationList;
			buildConfigurations = (
				CDADCAA91C2522A300F4AFC2 /* Debug */,
				CDADCAAA1C2522A300F4AFC2 /* Release */,
			);
			defaultConfigurationIsVisible = 0;
			defaultConfigurationName = Release;
		};
		CDADCAAB1C2522A300F4AFC2 /* Build configuration list for PBXNativeTarget "MusicPlayerTests" */ = {
			isa = XCConfigurationList;
			buildConfigurations = (
				CDADCAAC1C2522A300F4AFC2 /* Debug */,
				CDADCAAD1C2522A300F4AFC2 /* Release */,
			);
			defaultConfigurationIsVisible = 0;
			defaultConfigurationName = Release;
		};
		CDADCAAE1C2522A300F4AFC2 /* Build configuration list for PBXNativeTarget "MusicPlayerUITests" */ = {
			isa = XCConfigurationList;
			buildConfigurations = (
				CDADCAAF1C2522A300F4AFC2 /* Debug */,
				CDADCAB01C2522A300F4AFC2 /* Release */,
			);
			defaultConfigurationIsVisible = 0;
			defaultConfigurationName = Release;
		};
/* End XCConfigurationList section */
	};
	rootObject = CDADCA731C2522A200F4AFC2 /* Project object */;
}
